
Microsoft Visual Studio Solution File, Format Version 12.00
# Visual Studio Version 17
VisualStudioVersion = 17.2.32630.192
MinimumVisualStudioVersion = 10.0.40219.1
Project("{9A19103F-16F7-4668-BE54-9A1E7A4F7556}") = "PI_DigitalHouse_API-MC", "PI_DigitalHouse_API-MVC\PI_DigitalHouse_API-MC.csproj", "{EEAD7DB8-A334-4E57-B7D3-DDDFD01F847C}"
EndProject
Global
	GlobalSection(SolutionConfigurationPlatforms) = preSolution
		Debug|Any CPU = Debug|Any CPU
		Release|Any CPU = Release|Any CPU
	EndGlobalSection
	GlobalSection(ProjectConfigurationPlatforms) = postSolution
		{EEAD7DB8-A334-4E57-B7D3-DDDFD01F847C}.Debug|Any CPU.ActiveCfg = Debug|Any CPU
		{EEAD7DB8-A334-4E57-B7D3-DDDFD01F847C}.Debug|Any CPU.Build.0 = Debug|Any CPU
		{EEAD7DB8-A334-4E57-B7D3-DDDFD01F847C}.Release|Any CPU.ActiveCfg = Release|Any CPU
		{EEAD7DB8-A334-4E57-B7D3-DDDFD01F847C}.Release|Any CPU.Build.0 = Release|Any CPU
	EndGlobalSection
	GlobalSection(SolutionProperties) = preSolution
		HideSolutionNode = FALSE
	EndGlobalSection
	GlobalSection(ExtensibilityGlobals) = postSolution
		SolutionGuid = {0BBF0CB7-CF9F-4528-84C5-51192A8F284C}
	EndGlobalSection
EndGlobal
